{
  "version": 4,
  "terraform_version": "0.12.3",
  "serial": 138,
  "lineage": "636a016d-375e-a56b-917d-eaad0d6e1906",
  "outputs": {},
  "resources": [
    {
      "mode": "managed",
      "type": "google_compute_instance",
      "name": "backend",
      "provider": "provider.google",
      "instances": [
        {
          "schema_version": 6,
          "attributes": {
            "allow_stopping_for_update": null,
            "attached_disk": [],
            "boot_disk": [
              {
                "auto_delete": true,
                "device_name": "persistent-disk-0",
                "disk_encryption_key_raw": "",
                "disk_encryption_key_sha256": "",
                "initialize_params": [
                  {
                    "image": "https://www.googleapis.com/compute/v1/projects/ubuntu-os-cloud/global/images/ubuntu-1804-bionic-v20190628",
                    "size": 10,
                    "type": "pd-standard"
                  }
                ],
                "kms_key_self_link": "",
                "source": "https://www.googleapis.com/compute/v1/projects/striped-acrobat-243309/zones/europe-west2-c/disks/backend"
              }
            ],
            "can_ip_forward": false,
            "cpu_platform": "Intel Broadwell",
            "deletion_protection": false,
            "description": null,
            "disk": [],
            "guest_accelerator": [],
            "hostname": "",
            "id": "backend",
            "instance_id": "3758578101148527516",
            "label_fingerprint": "42WmSpB8rSM=",
            "labels": {},
            "machine_type": "g1-small",
            "metadata": {
              "sshKeys": "terraform:ssh-rsa AAAAB3NzaC1yc2EAAAADAQABAAABAQDNg4d9p1x3jWN1dSv/ffyRx+LNC5qIKKRCWd2YA7cKWtxLoicAt06HNoJWumf0B/kEOBjabyjApxF1rMkkVcX5TejZg0RP2/wdPMEZMNA537BWd6xZjoReVtOWNyrH1LVFZZ9QqzQueqRyyjVxnc8j+uHR22K0x5X84CUYIp+Kr1jJKIcdfTKooyMOMe+l/Dbg/mlQ3gjfThQ+PxQBPEoR9X0mv1Sm2DnuV+ydx2n4NsrBXtfbahCLZqRLBsSp8ewtH3PP1eROVtNRM3TgAhJT3CamhWWb2V9DxVG4R7CGgz/4eP/H2K1ATlBU1sX9NSHhNfs24sXJdqkJAgQd1Tov"
            },
            "metadata_fingerprint": "H3DfCwYFwh8=",
            "metadata_startup_script": "",
            "min_cpu_platform": "",
            "name": "backend",
            "network_interface": [
              {
                "access_config": [
                  {
                    "assigned_nat_ip": "",
                    "nat_ip": "35.234.153.117",
                    "network_tier": "PREMIUM",
                    "public_ptr_domain_name": ""
                  }
                ],
                "address": "",
                "alias_ip_range": [],
                "name": "nic0",
                "network": "https://www.googleapis.com/compute/v1/projects/striped-acrobat-243309/global/networks/default",
                "network_ip": "10.154.0.32",
                "subnetwork": "https://www.googleapis.com/compute/v1/projects/striped-acrobat-243309/regions/europe-west2/subnetworks/default",
                "subnetwork_project": "striped-acrobat-243309"
              }
            ],
            "project": "striped-acrobat-243309",
            "scheduling": [
              {
                "automatic_restart": true,
                "node_affinities": [],
                "on_host_maintenance": "MIGRATE",
                "preemptible": false
              }
            ],
            "scratch_disk": [],
            "self_link": "https://www.googleapis.com/compute/v1/projects/striped-acrobat-243309/zones/europe-west2-c/instances/backend",
            "service_account": [],
            "shielded_instance_config": [],
            "tags": [
              "backend"
            ],
            "tags_fingerprint": "lw1rxEJIHXc=",
            "timeouts": null,
            "zone": "europe-west2-c"
          }
        }
      ]
    }
  ]
}
